
Microsoft Visual Studio Solution File, Format Version 12.00
# Visual Studio Version 16
VisualStudioVersion = 16.0.30804.86
MinimumVisualStudioVersion = 10.0.40219.1
Project("{9A19103F-16F7-4668-BE54-9A1E7A4F7556}") = "Geta.Optimizely.ContentTypeIcons", "src\Geta.Optimizely.ContentTypeIcons\Geta.Optimizely.ContentTypeIcons.csproj", "{BFE13B85-6889-44EF-BC5A-188C540186B7}"
EndProject
Project("{2150E333-8FDC-42A3-9474-1A3956D46DE8}") = "Sandbox", "Sandbox", "{E0B839F3-5F6A-44FE-AECE-4730CA5B2E66}"
EndProject
Project("{9A19103F-16F7-4668-BE54-9A1E7A4F7556}") = "AlloyMvcTemplates", "sandbox\AlloyMvcTemplates\AlloyMvcTemplates.csproj", "{71916B3D-E85A-4938-9BA2-089A14B5499F}"
EndProject
Global
	GlobalSection(SolutionConfigurationPlatforms) = preSolution
		Debug|Any CPU = Debug|Any CPU
		Release|Any CPU = Release|Any CPU
	EndGlobalSection
	GlobalSection(ProjectConfigurationPlatforms) = postSolution
		{BFE13B85-6889-44EF-BC5A-188C540186B7}.Debug|Any CPU.ActiveCfg = Debug|Any CPU
		{BFE13B85-6889-44EF-BC5A-188C540186B7}.Debug|Any CPU.Build.0 = Debug|Any CPU
		{BFE13B85-6889-44EF-BC5A-188C540186B7}.Release|Any CPU.ActiveCfg = Release|Any CPU
		{BFE13B85-6889-44EF-BC5A-188C540186B7}.Release|Any CPU.Build.0 = Release|Any CPU
		{71916B3D-E85A-4938-9BA2-089A14B5499F}.Debug|Any CPU.ActiveCfg = Debug|Any CPU
		{71916B3D-E85A-4938-9BA2-089A14B5499F}.Debug|Any CPU.Build.0 = Debug|Any CPU
		{71916B3D-E85A-4938-9BA2-089A14B5499F}.Release|Any CPU.ActiveCfg = Release|Any CPU
		{71916B3D-E85A-4938-9BA2-089A14B5499F}.Release|Any CPU.Build.0 = Release|Any CPU
	EndGlobalSection
	GlobalSection(SolutionProperties) = preSolution
		HideSolutionNode = FALSE
	EndGlobalSection
	GlobalSection(NestedProjects) = preSolution
		{71916B3D-E85A-4938-9BA2-089A14B5499F} = {E0B839F3-5F6A-44FE-AECE-4730CA5B2E66}
	EndGlobalSection
	GlobalSection(ExtensibilityGlobals) = postSolution
		SolutionGuid = {2F7799DB-6899-478C-83D9-60096694B343}
	EndGlobalSection
EndGlobal
